
Microsoft Visual Studio Solution File, Format Version 12.00
# Visual Studio 15
VisualStudioVersion = 15.0.28307.1622
MinimumVisualStudioVersion = 10.0.40219.1
Project("{FAE04EC0-301F-11D3-BF4B-00C04F79EFBC}") = "FizzBuzzSolution", "FizzBuzzSolution\FizzBuzzSolution.csproj", "{FBB76D18-0783-4850-B582-EDC8F3ED400F}"
EndProject
Global
	GlobalSection(SolutionConfigurationPlatforms) = preSolution
		Debug|Any CPU = Debug|Any CPU
		Release|Any CPU = Release|Any CPU
	EndGlobalSection
	GlobalSection(ProjectConfigurationPlatforms) = postSolution
		{FBB76D18-0783-4850-B582-EDC8F3ED400F}.Debug|Any CPU.ActiveCfg = Debug|Any CPU
		{FBB76D18-0783-4850-B582-EDC8F3ED400F}.Debug|Any CPU.Build.0 = Debug|Any CPU
		{FBB76D18-0783-4850-B582-EDC8F3ED400F}.Release|Any CPU.ActiveCfg = Release|Any CPU
		{FBB76D18-0783-4850-B582-EDC8F3ED400F}.Release|Any CPU.Build.0 = Release|Any CPU
	EndGlobalSection
	GlobalSection(SolutionProperties) = preSolution
		HideSolutionNode = FALSE
	EndGlobalSection
	GlobalSection(ExtensibilityGlobals) = postSolution
		SolutionGuid = {0C44FE14-B6CB-4907-BC8E-B3BAF0EBEF46}
	EndGlobalSection
EndGlobal
